PODS:
  - FLAnimatedImage (1.0.12)
  - libwebp (0.6.0):
    - libwebp/core (= 0.6.0)
    - libwebp/dec (= 0.6.0)
    - libwebp/demux (= 0.6.0)
    - libwebp/dsp (= 0.6.0)
    - libwebp/enc (= 0.6.0)
    - libwebp/mux (= 0.6.0)
    - libwebp/utils (= 0.6.0)
    - libwebp/webp (= 0.6.0)
  - libwebp/core (0.6.0):
    - libwebp/webp
  - libwebp/dec (0.6.0):
    - libwebp/core
  - libwebp/demux (0.6.0):
    - libwebp/core
  - libwebp/dsp (0.6.0):
    - libwebp/core
  - libwebp/enc (0.6.0):
    - libwebp/core
  - libwebp/mux (0.6.0):
    - libwebp/core
  - libwebp/utils (0.6.0):
    - libwebp/core
  - libwebp/webp (0.6.0)
  - SDWebImage (4.1.2):
    - SDWebImage/Core (= 4.1.2)
  - SDWebImage/Core (4.1.2)
  - SDWebImage/GIF (4.1.2):
    - FLAnimatedImage (~> 1.0)
    - SDWebImage/Core
  - SDWebImage/WebP (4.1.2):
    - libwebp
    - SDWebImage/Core
  - YYCache (1.0.4)
  - YYImage (1.0.4):
    - YYImage/Core (= 1.0.4)
  - YYImage/Core (1.0.4)
  - YYWebImage (1.0.5):
    - YYCache
    - YYImage

DEPENDENCIES:
  - FLAnimatedImage (~> 1.0)
  - SDWebImage (from `git@github.com:rs/SDWebImage.git`, branch `master`)
  - SDWebImage/GIF (from `git@github.com:rs/SDWebImage.git`, branch `master`)
  - SDWebImage/WebP (from `git@github.com:rs/SDWebImage.git`, branch `master`)
  - YYImage (~> 1.0)
  - YYWebImage (~> 1.0)

EXTERNAL SOURCES:
  SDWebImage:
    :branch: master
    :git: git@github.com:rs/SDWebImage.git

CHECKOUT OPTIONS:
  SDWebImage:
    :commit: f3524d33e5694a46995dd07e0be0feef02c7302a
    :git: git@github.com:rs/SDWebImage.git

SPEC CHECKSUMS:
  FLAnimatedImage: 4a0b56255d9b05f18b6dd7ee06871be5d3b89e31
  libwebp: 1d5a07c2eb97f9c31bd5f154bb82efc0ea67c6a2
  SDWebImage: d3b3c20d2696e72f577e3636f207131e5138d2be
  YYCache: 8105b6638f5e849296c71f331ff83891a4942952
  YYImage: 1e1b62a9997399593e4b9c4ecfbbabbf1d3f3b54
  YYWebImage: 5f7f36aee2ae293f016d418c7d6ba05c4863e928

PODFILE CHECKSUM: 44f84bc4b8e6ac9b54445fc73b75b1418dacc44d

COCOAPODS: 1.2.1
